// !$*UTF8*$!
{
	archiveVersion = 1;
	classes = {
	};
	objectVersion = 56;
	objects = {

/* Begin PBXBuildFile section */
		0964E1D62A58B10D00C3F216 /* AppDelegate.m in Sources */ = {isa = PBXBuildFile; fileRef = 0964E1D52A58B10D00C3F216 /* AppDelegate.m */; };
		0964E1D92A58B10D00C3F216 /* ViewController.m in Sources */ = {isa = PBXBuildFile; fileRef = 0964E1D82A58B10D00C3F216 /* ViewController.m */; };
		0964E1DB2A58B10E00C3F216 /* Assets.xcassets in Resources */ = {isa = PBXBuildFile; fileRef = 0964E1DA2A58B10E00C3F216 /* Assets.xcassets */; };
		0964E1DE2A58B10E00C3F216 /* Main.storyboard in Resources */ = {isa = PBXBuildFile; fileRef = 0964E1DC2A58B10E00C3F216 /* Main.storyboard */; };
		0964E1E02A58B10E00C3F216 /* main.m in Sources */ = {isa = PBXBuildFile; fileRef = 0964E1DF2A58B10E00C3F216 /* main.m */; };
/* End PBXBuildFile section */

/* Begin PBXFileReference section */
		0964E1D12A58B10D00C3F216 /* AppKitEnvVars.app */ = {isa = PBXFileReference; explicitFileType = wrapper.application; includeInIndex = 0; path = AppKitEnvVars.app; sourceTree = BUILT_PRODUCTS_DIR; };
		0964E1D42A58B10D00C3F216 /* AppDelegate.h */ = {isa = PBXFileReference; lastKnownFileType = sourcecode.c.h; path = AppDelegate.h; sourceTree = "<group>"; };
		0964E1D52A58B10D00C3F216 /* AppDelegate.m */ = {isa = PBXFileReference; lastKnownFileType = sourcecode.c.objc; path = AppDelegate.m; sourceTree = "<group>"; };
		0964E1D72A58B10D00C3F216 /* ViewController.h */ = {isa = PBXFileReference; lastKnownFileType = sourcecode.c.h; path = ViewController.h; sourceTree = "<group>"; };
		0964E1D82A58B10D00C3F216 /* ViewController.m */ = {isa = PBXFileReference; lastKnownFileType = sourcecode.c.objc; path = ViewController.m; sourceTree = "<group>"; };
		0964E1DA2A58B10E00C3F216 /* Assets.xcassets */ = {isa = PBXFileReference; lastKnownFileType = folder.assetcatalog; path = Assets.xcassets; sourceTree = "<group>"; };
		0964E1DD2A58B10E00C3F216 /* Base */ = {isa = PBXFileReference; lastKnownFileType = file.storyboard; name = Base; path = Base.lproj/Main.storyboard; sourceTree = "<group>"; };
		0964E1DF2A58B10E00C3F216 /* main.m */ = {isa = PBXFileReference; lastKnownFileType = sourcecode.c.objc; path = main.m; sourceTree = "<group>"; };
		0964E1E12A58B10E00C3F216 /* AppKitEnvVars.entitlements */ = {isa = PBXFileReference; lastKnownFileType = text.plist.entitlements; path = AppKitEnvVars.entitlements; sourceTree = "<group>"; };
		0964E1E82A58C9F600C3F216 /* Cocoa.framework */ = {isa = PBXFileReference; lastKnownFileType = wrapper.framework; name = Cocoa.framework; path = System/Library/Frameworks/Cocoa.framework; sourceTree = SDKROOT; };
		0964E1EA2A58CA0C00C3F216 /* AppKit.framework */ = {isa = PBXFileReference; lastKnownFileType = wrapper.framework; name = AppKit.framework; path = System/Library/Frameworks/AppKit.framework; sourceTree = SDKROOT; };
		0964E1EC2A58CA1100C3F216 /* Foundation.framework */ = {isa = PBXFileReference; lastKnownFileType = wrapper.framework; name = Foundation.framework; path = System/Library/Frameworks/Foundation.framework; sourceTree = SDKROOT; };
/* End PBXFileReference section */

/* Begin PBXFrameworksBuildPhase section */
		0964E1CE2A58B10D00C3F216 /* Frameworks */ = {
			isa = PBXFrameworksBuildPhase;
			buildActionMask = 2147483647;
			files = (
			);
			runOnlyForDeploymentPostprocessing = 0;
		};
/* End PBXFrameworksBuildPhase section */

/* Begin PBXGroup section */
		0964E1C82A58B10D00C3F216 = {
			isa = PBXGroup;
			children = (
				0964E1D32A58B10D00C3F216 /* AppKitEnvVars */,
				0964E1D22A58B10D00C3F216 /* Products */,
				0964E1E72A58C9F600C3F216 /* Frameworks */,
			);
			sourceTree = "<group>";
		};
		0964E1D22A58B10D00C3F216 /* Products */ = {
			isa = PBXGroup;
			children = (
				0964E1D12A58B10D00C3F216 /* AppKitEnvVars.app */,
			);
			name = Products;
			sourceTree = "<group>";
		};
		0964E1D32A58B10D00C3F216 /* AppKitEnvVars */ = {
			isa = PBXGroup;
			children = (
				0964E1D42A58B10D00C3F216 /* AppDelegate.h */,
				0964E1D52A58B10D00C3F216 /* AppDelegate.m */,
				0964E1D72A58B10D00C3F216 /* ViewController.h */,
				0964E1D82A58B10D00C3F216 /* ViewController.m */,
				0964E1DA2A58B10E00C3F216 /* Assets.xcassets */,
				0964E1DC2A58B10E00C3F216 /* Main.storyboard */,
				0964E1DF2A58B10E00C3F216 /* main.m */,
				0964E1E12A58B10E00C3F216 /* AppKitEnvVars.entitlements */,
			);
			path = AppKitEnvVars;
			sourceTree = "<group>";
		};
		0964E1E72A58C9F600C3F216 /* Frameworks */ = {
			isa = PBXGroup;
			children = (
				0964E1EC2A58CA1100C3F216 /* Foundation.framework */,
				0964E1EA2A58CA0C00C3F216 /* AppKit.framework */,
				0964E1E82A58C9F600C3F216 /* Cocoa.framework */,
			);
			name = Frameworks;
			sourceTree = "<group>";
		};
/* End PBXGroup section */

/* Begin PBXNativeTarget section */
		0964E1D02A58B10D00C3F216 /* AppKitEnvVars */ = {
			isa = PBXNativeTarget;
			buildConfigurationList = 0964E1E42A58B10E00C3F216 /* Build configuration list for PBXNativeTarget "AppKitEnvVars" */;
			buildPhases = (
				0964E1CD2A58B10D00C3F216 /* Sources */,
				0964E1CE2A58B10D00C3F216 /* Frameworks */,
				0964E1CF2A58B10D00C3F216 /* Resources */,
			);
			buildRules = (
			);
			dependencies = (
			);
			name = AppKitEnvVars;
			productName = AppKitEnvVars;
			productReference = 0964E1D12A58B10D00C3F216 /* AppKitEnvVars.app */;
			productType = "com.apple.product-type.application";
		};
/* End PBXNativeTarget section */

/* Begin PBXProject section */
		0964E1C92A58B10D00C3F216 /* Project object */ = {
			isa = PBXProject;
			attributes = {
				BuildIndependentTargetsInParallel = 1;
				LastUpgradeCheck = 1430;
				TargetAttributes = {
					0964E1D02A58B10D00C3F216 = {
						CreatedOnToolsVersion = 14.3.1;
					};
				};
			};
			buildConfigurationList = 0964E1CC2A58B10D00C3F216 /* Build configuration list for PBXProject "AppKitEnvVars" */;
			compatibilityVersion = "Xcode 14.0";
			developmentRegion = en;
			hasScannedForEncodings = 0;
			knownRegions = (
				en,
				Base,
			);
			mainGroup = 0964E1C82A58B10D00C3F216;
			productRefGroup = 0964E1D22A58B10D00C3F216 /* Products */;
			projectDirPath = "";
			projectRoot = "";
			targets = (
				0964E1D02A58B10D00C3F216 /* AppKitEnvVars */,
			);
		};
/* End PBXProject section */

/* Begin PBXResourcesBuildPhase section */
		0964E1CF2A58B10D00C3F216 /* Resources */ = {
			isa = PBXResourcesBuildPhase;
			buildActionMask = 2147483647;
			files = (
				0964E1DB2A58B10E00C3F216 /* Assets.xcassets in Resources */,
				0964E1DE2A58B10E00C3F216 /* Main.storyboard in Resources */,
			);
			runOnlyForDeploymentPostprocessing = 0;
		};
/* End PBXResourcesBuildPhase section */

/* Begin PBXSourcesBuildPhase section */
		0964E1CD2A58B10D00C3F216 /* Sources */ = {
			isa = PBXSourcesBuildPhase;
			buildActionMask = 2147483647;
			files = (
				0964E1D92A58B10D00C3F216 /* ViewController.m in Sources */,
				0964E1E02A58B10E00C3F216 /* main.m in Sources */,
				0964E1D62A58B10D00C3F216 /* AppDelegate.m in Sources */,
			);
			runOnlyForDeploymentPostprocessing = 0;
		};
/* End PBXSourcesBuildPhase section */

/* Begin PBXVariantGroup section */
		0964E1DC2A58B10E00C3F216 /* Main.storyboard */ = {
			isa = PBXVariantGroup;
			children = (
				0964E1DD2A58B10E00C3F216 /* Base */,
			);
			name = Main.storyboard;
			sourceTree = "<group>";
		};
/* End PBXVariantGroup section */

/* Begin XCBuildConfiguration section */
		0964E1E22A58B10E00C3F216 /* Debug */ = {
			isa = XCBuildConfiguration;
			buildSettings = {
				ALWAYS_SEARCH_USER_PATHS = NO;
				CLANG_ANALYZER_NONNULL = YES;
				CLANG_ANALYZER_NUMBER_OBJECT_CONVERSION = YES_AGGRESSIVE;
				CLANG_CXX_LANGUAGE_STANDARD = "gnu++20";
				CLANG_ENABLE_MODULES = YES;
				CLANG_ENABLE_OBJC_ARC = YES;
				CLANG_ENABLE_OBJC_WEAK = YES;
				CLANG_WARN_BLOCK_CAPTURE_AUTORELEASING = YES;
				CLANG_WARN_BOOL_CONVERSION = YES;
				CLANG_WARN_COMMA = YES;
				CLANG_WARN_CONSTANT_CONVERSION = YES;
				CLANG_WARN_DEPRECATED_OBJC_IMPLEMENTATIONS = YES;
				CLANG_WARN_DIRECT_OBJC_ISA_USAGE = YES_ERROR;
				CLANG_WARN_DOCUMENTATION_COMMENTS = YES;
				CLANG_WARN_EMPTY_BODY = YES;
				CLANG_WARN_ENUM_CONVERSION = YES;
				CLANG_WARN_INFINITE_RECURSION = YES;
				CLANG_WARN_INT_CONVERSION = YES;
				CLANG_WARN_NON_LITERAL_NULL_CONVERSION = YES;
				CLANG_WARN_OBJC_IMPLICIT_RETAIN_SELF = YES;
				CLANG_WARN_OBJC_LITERAL_CONVERSION = YES;
				CLANG_WARN_OBJC_ROOT_CLASS = YES_ERROR;
				CLANG_WARN_QUOTED_INCLUDE_IN_FRAMEWORK_HEADER = YES;
				CLANG_WARN_RANGE_LOOP_ANALYSIS = YES;
				CLANG_WARN_STRICT_PROTOTYPES = YES;
				CLANG_WARN_SUSPICIOUS_MOVE = YES;
				CLANG_WARN_UNGUARDED_AVAILABILITY = YES_AGGRESSIVE;
				CLANG_WARN_UNREACHABLE_CODE = YES;
				CLANG_WARN__DUPLICATE_METHOD_MATCH = YES;
				COPY_PHASE_STRIP = NO;
				DEBUG_INFORMATION_FORMAT = dwarf;
				ENABLE_STRICT_OBJC_MSGSEND = YES;
				ENABLE_TESTABILITY = YES;
				GCC_C_LANGUAGE_STANDARD = gnu11;
				GCC_DYNAMIC_NO_PIC = NO;
				GCC_NO_COMMON_BLOCKS = YES;
				GCC_OPTIMIZATION_LEVEL = 0;
				GCC_PREPROCESSOR_DEFINITIONS = (
					"DEBUG=1",
					"$(inherited)",
				);
				GCC_WARN_64_TO_32_BIT_CONVERSION = YES;
				GCC_WARN_ABOUT_RETURN_TYPE = YES_ERROR;
				GCC_WARN_UNDECLARED_SELECTOR = YES;
				GCC_WARN_UNINITIALIZED_AUTOS = YES_AGGRESSIVE;
				GCC_WARN_UNUSED_FUNCTION = YES;
				GCC_WARN_UNUSED_VARIABLE = YES;
				MACOSX_DEPLOYMENT_TARGET = 13.3;
				MTL_ENABLE_DEBUG_INFO = INCLUDE_SOURCE;
				MTL_FAST_MATH = YES;
				ONLY_ACTIVE_ARCH = YES;
				SDKROOT = macosx;
			};
			name = Debug;
		};
		0964E1E32A58B10E00C3F216 /* Release */ = {
			isa = XCBuildConfiguration;
			buildSettings = {
				ALWAYS_SEARCH_USER_PATHS = NO;
				CLANG_ANALYZER_NONNULL = YES;
				CLANG_ANALYZER_NUMBER_OBJECT_CONVERSION = YES_AGGRESSIVE;
				CLANG_CXX_LANGUAGE_STANDARD = "gnu++20";
				CLANG_ENABLE_MODULES = YES;
				CLANG_ENABLE_OBJC_ARC = YES;
				CLANG_ENABLE_OBJC_WEAK = YES;
				CLANG_WARN_BLOCK_CAPTURE_AUTORELEASING = YES;
				CLANG_WARN_BOOL_CONVERSION = YES;
				CLANG_WARN_COMMA = YES;
				CLANG_WARN_CONSTANT_CONVERSION = YES;
				CLANG_WARN_DEPRECATED_OBJC_IMPLEMENTATIONS = YES;
				CLANG_WARN_DIRECT_OBJC_ISA_USAGE = YES_ERROR;
				CLANG_WARN_DOCUMENTATION_COMMENTS = YES;
				CLANG_WARN_EMPTY_BODY = YES;
				CLANG_WARN_ENUM_CONVERSION = YES;
				CLANG_WARN_INFINITE_RECURSION = YES;
				CLANG_WARN_INT_CONVERSION = YES;
				CLANG_WARN_NON_LITERAL_NULL_CONVERSION = YES;
				CLANG_WARN_OBJC_IMPLICIT_RETAIN_SELF = YES;
				CLANG_WARN_OBJC_LITERAL_CONVERSION = YES;
				CLANG_WARN_OBJC_ROOT_CLASS = YES_ERROR;
				CLANG_WARN_QUOTED_INCLUDE_IN_FRAMEWORK_HEADER = YES;
				CLANG_WARN_RANGE_LOOP_ANALYSIS = YES;
				CLANG_WARN_STRICT_PROTOTYPES = YES;
				CLANG_WARN_SUSPICIOUS_MOVE = YES;
				CLANG_WARN_UNGUARDED_AVAILABILITY = YES_AGGRESSIVE;
				CLANG_WARN_UNREACHABLE_CODE = YES;
				CLANG_WARN__DUPLICATE_METHOD_MATCH = YES;
				COPY_PHASE_STRIP = NO;
				DEBUG_INFORMATION_FORMAT = "dwarf-with-dsym";
				ENABLE_NS_ASSERTIONS = NO;
				ENABLE_STRICT_OBJC_MSGSEND = YES;
				GCC_C_LANGUAGE_STANDARD = gnu11;
				GCC_NO_COMMON_BLOCKS = YES;
				GCC_WARN_64_TO_32_BIT_CONVERSION = YES;
				GCC_WARN_ABOUT_RETURN_TYPE = YES_ERROR;
				GCC_WARN_UNDECLARED_SELECTOR = YES;
				GCC_WARN_UNINITIALIZED_AUTOS = YES_AGGRESSIVE;
				GCC_WARN_UNUSED_FUNCTION = YES;
				GCC_WARN_UNUSED_VARIABLE = YES;
				MACOSX_DEPLOYMENT_TARGET = 13.3;
				MTL_ENABLE_DEBUG_INFO = NO;
				MTL_FAST_MATH = YES;
				SDKROOT = macosx;
			};
			name = Release;
		};
		0964E1E52A58B10E00C3F216 /* Debug */ = {
			isa = XCBuildConfiguration;
			buildSettings = {
				ASSETCATALOG_COMPILER_APPICON_NAME = AppIcon;
				ASSETCATALOG_COMPILER_GLOBAL_ACCENT_COLOR_NAME = AccentColor;
				CODE_SIGN_ENTITLEMENTS = AppKitEnvVars/AppKitEnvVars.entitlements;
				CODE_SIGN_STYLE = Automatic;
				COMBINE_HIDPI_IMAGES = YES;
				CURRENT_PROJECT_VERSION = 1;
				DEVELOPMENT_TEAM = ZK96P738ZR;
				ENABLE_HARDENED_RUNTIME = YES;
				GENERATE_INFOPLIST_FILE = YES;
				INFOPLIST_KEY_NSHumanReadableCopyright = "";
				INFOPLIST_KEY_NSMainStoryboardFile = Main;
				INFOPLIST_KEY_NSPrincipalClass = NSApplication;
				LD_RUNPATH_SEARCH_PATHS = (
					"$(inherited)",
					"@executable_path/../Frameworks",
				);
				MACOSX_DEPLOYMENT_TARGET = 10.15;
				MARKETING_VERSION = 1.0;
				PRODUCT_BUNDLE_IDENTIFIER = vin.je.AppKitEnvVars;
				PRODUCT_NAME = "$(TARGET_NAME)";
				SWIFT_EMIT_LOC_STRINGS = YES;
			};
			name = Debug;
		};
		0964E1E62A58B10E00C3F216 /* Release */ = {
			isa = XCBuildConfiguration;
			buildSettings = {
				ASSETCATALOG_COMPILER_APPICON_NAME = AppIcon;
				ASSETCATALOG_COMPILER_GLOBAL_ACCENT_COLOR_NAME = AccentColor;
				CODE_SIGN_ENTITLEMENTS = AppKitEnvVars/AppKitEnvVars.entitlements;
				CODE_SIGN_STYLE = Automatic;
				COMBINE_HIDPI_IMAGES = YES;
				CURRENT_PROJECT_VERSION = 1;
				DEVELOPMENT_TEAM = ZK96P738ZR;
				ENABLE_HARDENED_RUNTIME = YES;
				GENERATE_INFOPLIST_FILE = YES;
				INFOPLIST_KEY_NSHumanReadableCopyright = "";
				INFOPLIST_KEY_NSMainStoryboardFile = Main;
				INFOPLIST_KEY_NSPrincipalClass = NSApplication;
				LD_RUNPATH_SEARCH_PATHS = (
					"$(inherited)",
					"@executable_path/../Frameworks",
				);
				MACOSX_DEPLOYMENT_TARGET = 10.15;
				MARKETING_VERSION = 1.0;
				PRODUCT_BUNDLE_IDENTIFIER = vin.je.AppKitEnvVars;
				PRODUCT_NAME = "$(TARGET_NAME)";
				SWIFT_EMIT_LOC_STRINGS = YES;
			};
			name = Release;
		};
/* End XCBuildConfiguration section */

/* Begin XCConfigurationList section */
		0964E1CC2A58B10D00C3F216 /* Build configuration list for PBXProject "AppKitEnvVars" */ = {
			isa = XCConfigurationList;
			buildConfigurations = (
				0964E1E22A58B10E00C3F216 /* Debug */,
				0964E1E32A58B10E00C3F216 /* Release */,
			);
			defaultConfigurationIsVisible = 0;
			defaultConfigurationName = Release;
		};
		0964E1E42A58B10E00C3F216 /* Build configuration list for PBXNativeTarget "AppKitEnvVars" */ = {
			isa = XCConfigurationList;
			buildConfigurations = (
				0964E1E52A58B10E00C3F216 /* Debug */,
				0964E1E62A58B10E00C3F216 /* Release */,
			);
			defaultConfigurationIsVisible = 0;
			defaultConfigurationName = Release;
		};
/* End XCConfigurationList section */
	};
	rootObject = 0964E1C92A58B10D00C3F216 /* Project object */;
}
